
Microsoft Visual Studio Solution File, Format Version 12.00
# Visual Studio Version 17
VisualStudioVersion = 17.13.35931.197 d17.13
MinimumVisualStudioVersion = 10.0.40219.1
Project("{9A19103F-16F7-4668-BE54-9A1E7A4F7556}") = "MQTT_CustomPayloadSandbox", "MQTT_CustomPayloadSandbox.csproj", "{04A2DB74-8597-22A9-B04E-71C4C6357E06}"
EndProject
Global
	GlobalSection(SolutionConfigurationPlatforms) = preSolution
		Debug|Any CPU = Debug|Any CPU
		Release|Any CPU = Release|Any CPU
	EndGlobalSection
	GlobalSection(ProjectConfigurationPlatforms) = postSolution
		{04A2DB74-8597-22A9-B04E-71C4C6357E06}.Debug|Any CPU.ActiveCfg = Debug|Any CPU
		{04A2DB74-8597-22A9-B04E-71C4C6357E06}.Debug|Any CPU.Build.0 = Debug|Any CPU
		{04A2DB74-8597-22A9-B04E-71C4C6357E06}.Release|Any CPU.ActiveCfg = Release|Any CPU
		{04A2DB74-8597-22A9-B04E-71C4C6357E06}.Release|Any CPU.Build.0 = Release|Any CPU
	EndGlobalSection
	GlobalSection(SolutionProperties) = preSolution
		HideSolutionNode = FALSE
	EndGlobalSection
	GlobalSection(ExtensibilityGlobals) = postSolution
		SolutionGuid = {F81BB428-A28B-4C25-AB6C-14C003383697}
	EndGlobalSection
EndGlobal
